
Microsoft Visual Studio Solution File, Format Version 12.00
# Visual Studio 15
VisualStudioVersion = 15.0.28307.1231
MinimumVisualStudioVersion = 10.0.40219.1
Project("{FAE04EC0-301F-11D3-BF4B-00C04F79EFBC}") = "ConvertidorSimpleDeMoneda", "ConvertidorSimpleDeMoneda\ConvertidorSimpleDeMoneda.csproj", "{C4DA5E32-9FAE-4CBF-B870-E570103A3152}"
EndProject
Project("{FAE04EC0-301F-11D3-BF4B-00C04F79EFBC}") = "BusinessLayer", "BusinessLayer\BusinessLayer.csproj", "{4F662C52-3601-4546-A7CC-0AAF973666A5}"
EndProject
Global
	GlobalSection(SolutionConfigurationPlatforms) = preSolution
		Debug|Any CPU = Debug|Any CPU
		Release|Any CPU = Release|Any CPU
	EndGlobalSection
	GlobalSection(ProjectConfigurationPlatforms) = postSolution
		{C4DA5E32-9FAE-4CBF-B870-E570103A3152}.Debug|Any CPU.ActiveCfg = Debug|Any CPU
		{C4DA5E32-9FAE-4CBF-B870-E570103A3152}.Debug|Any CPU.Build.0 = Debug|Any CPU
		{C4DA5E32-9FAE-4CBF-B870-E570103A3152}.Release|Any CPU.ActiveCfg = Release|Any CPU
		{C4DA5E32-9FAE-4CBF-B870-E570103A3152}.Release|Any CPU.Build.0 = Release|Any CPU
		{4F662C52-3601-4546-A7CC-0AAF973666A5}.Debug|Any CPU.ActiveCfg = Debug|Any CPU
		{4F662C52-3601-4546-A7CC-0AAF973666A5}.Debug|Any CPU.Build.0 = Debug|Any CPU
		{4F662C52-3601-4546-A7CC-0AAF973666A5}.Release|Any CPU.ActiveCfg = Release|Any CPU
		{4F662C52-3601-4546-A7CC-0AAF973666A5}.Release|Any CPU.Build.0 = Release|Any CPU
	EndGlobalSection
	GlobalSection(SolutionProperties) = preSolution
		HideSolutionNode = FALSE
	EndGlobalSection
	GlobalSection(ExtensibilityGlobals) = postSolution
		SolutionGuid = {EB078CAE-A85C-49BD-87FE-F923E89CB58B}
	EndGlobalSection
EndGlobal
